// !$*UTF8*$!
{
	archiveVersion = 1;
	classes = {
	};
	objectVersion = 55;
	objects = {

/* Begin PBXBuildFile section */
		773BB706283716F300C17AD6 /* Upcoming.P.swift in Sources */ = {isa = PBXBuildFile; fileRef = 773BB705283716F300C17AD6 /* Upcoming.P.swift */; };
		773BB70A2837176200C17AD6 /* Wishlist.P.swift in Sources */ = {isa = PBXBuildFile; fileRef = 773BB7092837176200C17AD6 /* Wishlist.P.swift */; };
		773BB70C2837178500C17AD6 /* Debt.P.swift in Sources */ = {isa = PBXBuildFile; fileRef = 773BB70B2837178500C17AD6 /* Debt.P.swift */; };
		776383792842640600318CC0 /* Upcoming.CM.swift in Sources */ = {isa = PBXBuildFile; fileRef = 776383782842640600318CC0 /* Upcoming.CM.swift */; };
		7763837B2842641000318CC0 /* Wishlist.CM.swift in Sources */ = {isa = PBXBuildFile; fileRef = 7763837A2842641000318CC0 /* Wishlist.CM.swift */; };
		7763837D2842641800318CC0 /* Debt.CM.swift in Sources */ = {isa = PBXBuildFile; fileRef = 7763837C2842641800318CC0 /* Debt.CM.swift */; };
		7763837F2842646D00318CC0 /* Common.CM.swift in Sources */ = {isa = PBXBuildFile; fileRef = 7763837E2842646D00318CC0 /* Common.CM.swift */; };
		776383822842654800318CC0 /* BetaBadge.UV.swift in Sources */ = {isa = PBXBuildFile; fileRef = 776383812842654800318CC0 /* BetaBadge.UV.swift */; };
		776383842842657200318CC0 /* PricePreview.UV.swift in Sources */ = {isa = PBXBuildFile; fileRef = 776383832842657200318CC0 /* PricePreview.UV.swift */; };
		776383862842659300318CC0 /* IconSwitch.UV.swift in Sources */ = {isa = PBXBuildFile; fileRef = 776383852842659300318CC0 /* IconSwitch.UV.swift */; };
		77638388284265AD00318CC0 /* PatchNotes.UV.swift in Sources */ = {isa = PBXBuildFile; fileRef = 77638387284265AD00318CC0 /* PatchNotes.UV.swift */; };
		7763838C2842788800318CC0 /* Debt.PS.swift in Sources */ = {isa = PBXBuildFile; fileRef = 7763838B2842788800318CC0 /* Debt.PS.swift */; };
		7763838E2842789C00318CC0 /* Upcoming.PS.swift in Sources */ = {isa = PBXBuildFile; fileRef = 7763838D2842789C00318CC0 /* Upcoming.PS.swift */; };
		77638390284278A600318CC0 /* Wishlist.PS.swift in Sources */ = {isa = PBXBuildFile; fileRef = 7763838F284278A600318CC0 /* Wishlist.PS.swift */; };
		7775D0BD28416EE8006DE45B /* Upcoming.SA.swift in Sources */ = {isa = PBXBuildFile; fileRef = 7775D0BC28416EE8006DE45B /* Upcoming.SA.swift */; };
		7775D0C02841726D006DE45B /* Wishlist.SA.swift in Sources */ = {isa = PBXBuildFile; fileRef = 7775D0BF2841726D006DE45B /* Wishlist.SA.swift */; };
		7775D0C2284172C6006DE45B /* Debt.SA.swift in Sources */ = {isa = PBXBuildFile; fileRef = 7775D0C1284172C6006DE45B /* Debt.SA.swift */; };
		77C1FDAE27ADBBF00081AFE6 /* App.swift in Sources */ = {isa = PBXBuildFile; fileRef = 77C1FDAD27ADBBF00081AFE6 /* App.swift */; };
		77C1FDB027ADBBF00081AFE6 /* Content.swift in Sources */ = {isa = PBXBuildFile; fileRef = 77C1FDAF27ADBBF00081AFE6 /* Content.swift */; };
		77C1FDB227ADBBF20081AFE6 /* Assets.xcassets in Resources */ = {isa = PBXBuildFile; fileRef = 77C1FDB127ADBBF20081AFE6 /* Assets.xcassets */; };
		77C1FDBD27AE1D950081AFE6 /* Upcoming.T.swift in Sources */ = {isa = PBXBuildFile; fileRef = 77C1FDBC27AE1D950081AFE6 /* Upcoming.T.swift */; };
		77C1FDC227AE1FEF0081AFE6 /* Debts.T.swift in Sources */ = {isa = PBXBuildFile; fileRef = 77C1FDC127AE1FEF0081AFE6 /* Debts.T.swift */; };
		77C1FDC427AE20980081AFE6 /* Settings.T.swift in Sources */ = {isa = PBXBuildFile; fileRef = 77C1FDC327AE20980081AFE6 /* Settings.T.swift */; };
		77C1FDC627AF2AA60081AFE6 /* PlusButton.UV.swift in Sources */ = {isa = PBXBuildFile; fileRef = 77C1FDC527AF2AA60081AFE6 /* PlusButton.UV.swift */; };
		77C1FDD627B37D660081AFE6 /* Functions.swift in Sources */ = {isa = PBXBuildFile; fileRef = 77C1FDD527B37D660081AFE6 /* Functions.swift */; };
		77C1FDD827B37DBE0081AFE6 /* Enums.swift in Sources */ = {isa = PBXBuildFile; fileRef = 77C1FDD727B37DBE0081AFE6 /* Enums.swift */; };
		77C1FDDC27B4B6C00081AFE6 /* NotificationManager.swift in Sources */ = {isa = PBXBuildFile; fileRef = 77C1FDDB27B4B6C00081AFE6 /* NotificationManager.swift */; };
		77E660F6281AD4BB004F3B80 /* Wishlist.T.swift in Sources */ = {isa = PBXBuildFile; fileRef = 77E660F5281AD4BB004F3B80 /* Wishlist.T.swift */; };
/* End PBXBuildFile section */

/* Begin PBXCopyFilesBuildPhase section */
		77A9545027C1A20700A8F26A /* Embed App Extensions */ = {
			isa = PBXCopyFilesBuildPhase;
			buildActionMask = 2147483647;
			dstPath = "";
			dstSubfolderSpec = 13;
			files = (
			);
			name = "Embed App Extensions";
			runOnlyForDeploymentPostprocessing = 0;
		};
/* End PBXCopyFilesBuildPhase section */

/* Begin PBXFileReference section */
		773BB705283716F300C17AD6 /* Upcoming.P.swift */ = {isa = PBXFileReference; lastKnownFileType = sourcecode.swift; path = Upcoming.P.swift; sourceTree = "<group>"; };
		773BB7092837176200C17AD6 /* Wishlist.P.swift */ = {isa = PBXFileReference; lastKnownFileType = sourcecode.swift; path = Wishlist.P.swift; sourceTree = "<group>"; };
		773BB70B2837178500C17AD6 /* Debt.P.swift */ = {isa = PBXFileReference; lastKnownFileType = sourcecode.swift; path = Debt.P.swift; sourceTree = "<group>"; };
		776383782842640600318CC0 /* Upcoming.CM.swift */ = {isa = PBXFileReference; lastKnownFileType = sourcecode.swift; path = Upcoming.CM.swift; sourceTree = "<group>"; };
		7763837A2842641000318CC0 /* Wishlist.CM.swift */ = {isa = PBXFileReference; lastKnownFileType = sourcecode.swift; path = Wishlist.CM.swift; sourceTree = "<group>"; };
		7763837C2842641800318CC0 /* Debt.CM.swift */ = {isa = PBXFileReference; lastKnownFileType = sourcecode.swift; path = Debt.CM.swift; sourceTree = "<group>"; };
		7763837E2842646D00318CC0 /* Common.CM.swift */ = {isa = PBXFileReference; lastKnownFileType = sourcecode.swift; path = Common.CM.swift; sourceTree = "<group>"; };
		776383812842654800318CC0 /* BetaBadge.UV.swift */ = {isa = PBXFileReference; lastKnownFileType = sourcecode.swift; path = BetaBadge.UV.swift; sourceTree = "<group>"; };
		776383832842657200318CC0 /* PricePreview.UV.swift */ = {isa = PBXFileReference; lastKnownFileType = sourcecode.swift; path = PricePreview.UV.swift; sourceTree = "<group>"; };
		776383852842659300318CC0 /* IconSwitch.UV.swift */ = {isa = PBXFileReference; lastKnownFileType = sourcecode.swift; path = IconSwitch.UV.swift; sourceTree = "<group>"; };
		77638387284265AD00318CC0 /* PatchNotes.UV.swift */ = {isa = PBXFileReference; lastKnownFileType = sourcecode.swift; path = PatchNotes.UV.swift; sourceTree = "<group>"; };
		7763838B2842788800318CC0 /* Debt.PS.swift */ = {isa = PBXFileReference; lastKnownFileType = sourcecode.swift; path = Debt.PS.swift; sourceTree = "<group>"; };
		7763838D2842789C00318CC0 /* Upcoming.PS.swift */ = {isa = PBXFileReference; lastKnownFileType = sourcecode.swift; path = Upcoming.PS.swift; sourceTree = "<group>"; };
		7763838F284278A600318CC0 /* Wishlist.PS.swift */ = {isa = PBXFileReference; lastKnownFileType = sourcecode.swift; path = Wishlist.PS.swift; sourceTree = "<group>"; };
		7775D0BC28416EE8006DE45B /* Upcoming.SA.swift */ = {isa = PBXFileReference; lastKnownFileType = sourcecode.swift; path = Upcoming.SA.swift; sourceTree = "<group>"; };
		7775D0BF2841726D006DE45B /* Wishlist.SA.swift */ = {isa = PBXFileReference; lastKnownFileType = sourcecode.swift; path = Wishlist.SA.swift; sourceTree = "<group>"; };
		7775D0C1284172C6006DE45B /* Debt.SA.swift */ = {isa = PBXFileReference; lastKnownFileType = sourcecode.swift; path = Debt.SA.swift; sourceTree = "<group>"; };
		77A9544527C1A20500A8F26A /* SwiftUI.framework */ = {isa = PBXFileReference; lastKnownFileType = wrapper.framework; name = SwiftUI.framework; path = System/Library/Frameworks/SwiftUI.framework; sourceTree = SDKROOT; };
		77C1FDAA27ADBBF00081AFE6 /* PaymentTracker.app */ = {isa = PBXFileReference; explicitFileType = wrapper.application; includeInIndex = 0; path = PaymentTracker.app; sourceTree = BUILT_PRODUCTS_DIR; };
		77C1FDAD27ADBBF00081AFE6 /* App.swift */ = {isa = PBXFileReference; lastKnownFileType = sourcecode.swift; path = App.swift; sourceTree = "<group>"; };
		77C1FDAF27ADBBF00081AFE6 /* Content.swift */ = {isa = PBXFileReference; lastKnownFileType = sourcecode.swift; path = Content.swift; sourceTree = "<group>"; };
		77C1FDB127ADBBF20081AFE6 /* Assets.xcassets */ = {isa = PBXFileReference; lastKnownFileType = folder.assetcatalog; path = Assets.xcassets; sourceTree = "<group>"; };
		77C1FDBC27AE1D950081AFE6 /* Upcoming.T.swift */ = {isa = PBXFileReference; lastKnownFileType = sourcecode.swift; path = Upcoming.T.swift; sourceTree = "<group>"; };
		77C1FDC127AE1FEF0081AFE6 /* Debts.T.swift */ = {isa = PBXFileReference; lastKnownFileType = sourcecode.swift; path = Debts.T.swift; sourceTree = "<group>"; };
		77C1FDC327AE20980081AFE6 /* Settings.T.swift */ = {isa = PBXFileReference; lastKnownFileType = sourcecode.swift; path = Settings.T.swift; sourceTree = "<group>"; };
		77C1FDC527AF2AA60081AFE6 /* PlusButton.UV.swift */ = {isa = PBXFileReference; lastKnownFileType = sourcecode.swift; path = PlusButton.UV.swift; sourceTree = "<group>"; };
		77C1FDD527B37D660081AFE6 /* Functions.swift */ = {isa = PBXFileReference; lastKnownFileType = sourcecode.swift; path = Functions.swift; sourceTree = "<group>"; };
		77C1FDD727B37DBE0081AFE6 /* Enums.swift */ = {isa = PBXFileReference; lastKnownFileType = sourcecode.swift; path = Enums.swift; sourceTree = "<group>"; };
		77C1FDDB27B4B6C00081AFE6 /* NotificationManager.swift */ = {isa = PBXFileReference; lastKnownFileType = sourcecode.swift; path = NotificationManager.swift; sourceTree = "<group>"; };
		77E660F5281AD4BB004F3B80 /* Wishlist.T.swift */ = {isa = PBXFileReference; lastKnownFileType = sourcecode.swift; path = Wishlist.T.swift; sourceTree = "<group>"; };
/* End PBXFileReference section */

/* Begin PBXFrameworksBuildPhase section */
		77C1FDA727ADBBF00081AFE6 /* Frameworks */ = {
			isa = PBXFrameworksBuildPhase;
			buildActionMask = 2147483647;
			files = (
			);
			runOnlyForDeploymentPostprocessing = 0;
		};
/* End PBXFrameworksBuildPhase section */

/* Begin PBXGroup section */
		773BB704283716D200C17AD6 /* paymentviews */ = {
			isa = PBXGroup;
			children = (
				773BB705283716F300C17AD6 /* Upcoming.P.swift */,
				773BB7092837176200C17AD6 /* Wishlist.P.swift */,
				773BB70B2837178500C17AD6 /* Debt.P.swift */,
			);
			path = paymentviews;
			sourceTree = "<group>";
		};
		77638377284263F600318CC0 /* contextmenus */ = {
			isa = PBXGroup;
			children = (
				776383782842640600318CC0 /* Upcoming.CM.swift */,
				7763837A2842641000318CC0 /* Wishlist.CM.swift */,
				7763837C2842641800318CC0 /* Debt.CM.swift */,
				7763837E2842646D00318CC0 /* Common.CM.swift */,
			);
			path = contextmenus;
			sourceTree = "<group>";
		};
		776383802842653300318CC0 /* utilviews */ = {
			isa = PBXGroup;
			children = (
				77C1FDC527AF2AA60081AFE6 /* PlusButton.UV.swift */,
				776383812842654800318CC0 /* BetaBadge.UV.swift */,
				776383832842657200318CC0 /* PricePreview.UV.swift */,
				776383852842659300318CC0 /* IconSwitch.UV.swift */,
				77638387284265AD00318CC0 /* PatchNotes.UV.swift */,
			);
			path = utilviews;
			sourceTree = "<group>";
		};
		77638389284265EB00318CC0 /* common */ = {
			isa = PBXGroup;
			children = (
				77C1FDD527B37D660081AFE6 /* Functions.swift */,
				77C1FDD727B37DBE0081AFE6 /* Enums.swift */,
			);
			path = common;
			sourceTree = "<group>";
		};
		7763838A2842786700318CC0 /* paymentstores */ = {
			isa = PBXGroup;
			children = (
				7763838B2842788800318CC0 /* Debt.PS.swift */,
				7763838D2842789C00318CC0 /* Upcoming.PS.swift */,
				7763838F284278A600318CC0 /* Wishlist.PS.swift */,
			);
			path = paymentstores;
			sourceTree = "<group>";
		};
		7775D0BE28417248006DE45B /* swipeactions */ = {
			isa = PBXGroup;
			children = (
				7775D0BC28416EE8006DE45B /* Upcoming.SA.swift */,
				7775D0BF2841726D006DE45B /* Wishlist.SA.swift */,
				7775D0C1284172C6006DE45B /* Debt.SA.swift */,
			);
			path = swipeactions;
			sourceTree = "<group>";
		};
		77A9544227C1A20500A8F26A /* Frameworks */ = {
			isa = PBXGroup;
			children = (
				77A9544527C1A20500A8F26A /* SwiftUI.framework */,
			);
			name = Frameworks;
			sourceTree = "<group>";
		};
		77C1FDA127ADBBF00081AFE6 = {
			isa = PBXGroup;
			children = (
				77C1FDAC27ADBBF00081AFE6 /* PaymentTracker */,
				77A9544227C1A20500A8F26A /* Frameworks */,
				77C1FDAB27ADBBF00081AFE6 /* Products */,
			);
			sourceTree = "<group>";
		};
		77C1FDAB27ADBBF00081AFE6 /* Products */ = {
			isa = PBXGroup;
			children = (
				77C1FDAA27ADBBF00081AFE6 /* PaymentTracker.app */,
			);
			name = Products;
			sourceTree = "<group>";
		};
		77C1FDAC27ADBBF00081AFE6 /* PaymentTracker */ = {
			isa = PBXGroup;
			children = (
				77C1FDAD27ADBBF00081AFE6 /* App.swift */,
				77C1FDAF27ADBBF00081AFE6 /* Content.swift */,
				77C1FDC027AE1EA30081AFE6 /* utility */,
				77C1FDCF27B0C0CC0081AFE6 /* structure */,
				77C1FDB127ADBBF20081AFE6 /* Assets.xcassets */,
			);
			path = PaymentTracker;
			sourceTree = "<group>";
		};
		77C1FDBB27AE1D7F0081AFE6 /* tabviews */ = {
			isa = PBXGroup;
			children = (
				77C1FDBC27AE1D950081AFE6 /* Upcoming.T.swift */,
				77C1FDC127AE1FEF0081AFE6 /* Debts.T.swift */,
				77C1FDC327AE20980081AFE6 /* Settings.T.swift */,
				77E660F5281AD4BB004F3B80 /* Wishlist.T.swift */,
			);
			path = tabviews;
			sourceTree = "<group>";
		};
		77C1FDC027AE1EA30081AFE6 /* utility */ = {
			isa = PBXGroup;
			children = (
				7763838A2842786700318CC0 /* paymentstores */,
				77638389284265EB00318CC0 /* common */,
				77C1FDDB27B4B6C00081AFE6 /* NotificationManager.swift */,
			);
			path = utility;
			sourceTree = "<group>";
		};
		77C1FDCF27B0C0CC0081AFE6 /* structure */ = {
			isa = PBXGroup;
			children = (
				77C1FDBB27AE1D7F0081AFE6 /* tabviews */,
				776383802842653300318CC0 /* utilviews */,
				77638377284263F600318CC0 /* contextmenus */,
				7775D0BE28417248006DE45B /* swipeactions */,
				773BB704283716D200C17AD6 /* paymentviews */,
			);
			path = structure;
			sourceTree = "<group>";
		};
/* End PBXGroup section */

/* Begin PBXNativeTarget section */
		77C1FDA927ADBBF00081AFE6 /* PaymentTracker */ = {
			isa = PBXNativeTarget;
			buildConfigurationList = 77C1FDB827ADBBF20081AFE6 /* Build configuration list for PBXNativeTarget "PaymentTracker" */;
			buildPhases = (
				77C1FDA627ADBBF00081AFE6 /* Sources */,
				77C1FDA727ADBBF00081AFE6 /* Frameworks */,
				77C1FDA827ADBBF00081AFE6 /* Resources */,
				77A9545027C1A20700A8F26A /* Embed App Extensions */,
			);
			buildRules = (
			);
			dependencies = (
			);
			name = PaymentTracker;
			packageProductDependencies = (
			);
			productName = PaymentTracker;
			productReference = 77C1FDAA27ADBBF00081AFE6 /* PaymentTracker.app */;
			productType = "com.apple.product-type.application";
		};
/* End PBXNativeTarget section */

/* Begin PBXProject section */
		77C1FDA227ADBBF00081AFE6 /* Project object */ = {
			isa = PBXProject;
			attributes = {
				BuildIndependentTargetsInParallel = 1;
				LastSwiftUpdateCheck = 1330;
				LastUpgradeCheck = 1320;
				TargetAttributes = {
					77C1FDA927ADBBF00081AFE6 = {
						CreatedOnToolsVersion = 13.2.1;
					};
				};
			};
			buildConfigurationList = 77C1FDA527ADBBF00081AFE6 /* Build configuration list for PBXProject "PaymentTracker" */;
			compatibilityVersion = "Xcode 13.0";
			developmentRegion = en;
			hasScannedForEncodings = 0;
			knownRegions = (
				en,
				Base,
			);
			mainGroup = 77C1FDA127ADBBF00081AFE6;
			packageReferences = (
			);
			productRefGroup = 77C1FDAB27ADBBF00081AFE6 /* Products */;
			projectDirPath = "";
			projectRoot = "";
			targets = (
				77C1FDA927ADBBF00081AFE6 /* PaymentTracker */,
			);
		};
/* End PBXProject section */

/* Begin PBXResourcesBuildPhase section */
		77C1FDA827ADBBF00081AFE6 /* Resources */ = {
			isa = PBXResourcesBuildPhase;
			buildActionMask = 2147483647;
			files = (
				77C1FDB227ADBBF20081AFE6 /* Assets.xcassets in Resources */,
			);
			runOnlyForDeploymentPostprocessing = 0;
		};
/* End PBXResourcesBuildPhase section */

/* Begin PBXSourcesBuildPhase section */
		77C1FDA627ADBBF00081AFE6 /* Sources */ = {
			isa = PBXSourcesBuildPhase;
			buildActionMask = 2147483647;
			files = (
				7775D0BD28416EE8006DE45B /* Upcoming.SA.swift in Sources */,
				7763837D2842641800318CC0 /* Debt.CM.swift in Sources */,
				77C1FDB027ADBBF00081AFE6 /* Content.swift in Sources */,
				776383862842659300318CC0 /* IconSwitch.UV.swift in Sources */,
				77C1FDDC27B4B6C00081AFE6 /* NotificationManager.swift in Sources */,
				7763838C2842788800318CC0 /* Debt.PS.swift in Sources */,
				77C1FDD627B37D660081AFE6 /* Functions.swift in Sources */,
				77C1FDBD27AE1D950081AFE6 /* Upcoming.T.swift in Sources */,
				77C1FDC427AE20980081AFE6 /* Settings.T.swift in Sources */,
				77C1FDC627AF2AA60081AFE6 /* PlusButton.UV.swift in Sources */,
				77C1FDD827B37DBE0081AFE6 /* Enums.swift in Sources */,
				77638390284278A600318CC0 /* Wishlist.PS.swift in Sources */,
				77638388284265AD00318CC0 /* PatchNotes.UV.swift in Sources */,
				77C1FDC227AE1FEF0081AFE6 /* Debts.T.swift in Sources */,
				7775D0C2284172C6006DE45B /* Debt.SA.swift in Sources */,
				7763837B2842641000318CC0 /* Wishlist.CM.swift in Sources */,
				776383792842640600318CC0 /* Upcoming.CM.swift in Sources */,
				7763838E2842789C00318CC0 /* Upcoming.PS.swift in Sources */,
				773BB706283716F300C17AD6 /* Upcoming.P.swift in Sources */,
				77C1FDAE27ADBBF00081AFE6 /* App.swift in Sources */,
				773BB70A2837176200C17AD6 /* Wishlist.P.swift in Sources */,
				77E660F6281AD4BB004F3B80 /* Wishlist.T.swift in Sources */,
				776383822842654800318CC0 /* BetaBadge.UV.swift in Sources */,
				7775D0C02841726D006DE45B /* Wishlist.SA.swift in Sources */,
				7763837F2842646D00318CC0 /* Common.CM.swift in Sources */,
				776383842842657200318CC0 /* PricePreview.UV.swift in Sources */,
				773BB70C2837178500C17AD6 /* Debt.P.swift in Sources */,
			);
			runOnlyForDeploymentPostprocessing = 0;
		};
/* End PBXSourcesBuildPhase section */

/* Begin XCBuildConfiguration section */
		77C1FDB627ADBBF20081AFE6 /* Debug */ = {
			isa = XCBuildConfiguration;
			buildSettings = {
				ALWAYS_SEARCH_USER_PATHS = NO;
				CLANG_ANALYZER_NONNULL = YES;
				CLANG_ANALYZER_NUMBER_OBJECT_CONVERSION = YES_AGGRESSIVE;
				CLANG_CXX_LANGUAGE_STANDARD = "gnu++17";
				CLANG_CXX_LIBRARY = "libc++";
				CLANG_ENABLE_MODULES = YES;
				CLANG_ENABLE_OBJC_ARC = YES;
				CLANG_ENABLE_OBJC_WEAK = YES;
				CLANG_WARN_BLOCK_CAPTURE_AUTORELEASING = YES;
				CLANG_WARN_BOOL_CONVERSION = YES;
				CLANG_WARN_COMMA = YES;
				CLANG_WARN_CONSTANT_CONVERSION = YES;
				CLANG_WARN_DEPRECATED_OBJC_IMPLEMENTATIONS = YES;
				CLANG_WARN_DIRECT_OBJC_ISA_USAGE = YES_ERROR;
				CLANG_WARN_DOCUMENTATION_COMMENTS = YES;
				CLANG_WARN_EMPTY_BODY = YES;
				CLANG_WARN_ENUM_CONVERSION = YES;
				CLANG_WARN_INFINITE_RECURSION = YES;
				CLANG_WARN_INT_CONVERSION = YES;
				CLANG_WARN_NON_LITERAL_NULL_CONVERSION = YES;
				CLANG_WARN_OBJC_IMPLICIT_RETAIN_SELF = YES;
				CLANG_WARN_OBJC_LITERAL_CONVERSION = YES;
				CLANG_WARN_OBJC_ROOT_CLASS = YES_ERROR;
				CLANG_WARN_QUOTED_INCLUDE_IN_FRAMEWORK_HEADER = YES;
				CLANG_WARN_RANGE_LOOP_ANALYSIS = YES;
				CLANG_WARN_STRICT_PROTOTYPES = YES;
				CLANG_WARN_SUSPICIOUS_MOVE = YES;
				CLANG_WARN_UNGUARDED_AVAILABILITY = YES_AGGRESSIVE;
				CLANG_WARN_UNREACHABLE_CODE = YES;
				CLANG_WARN__DUPLICATE_METHOD_MATCH = YES;
				COPY_PHASE_STRIP = NO;
				DEBUG_INFORMATION_FORMAT = dwarf;
				DEVELOPMENT_TEAM = ZA2T5F5XAA;
				ENABLE_STRICT_OBJC_MSGSEND = YES;
				ENABLE_TESTABILITY = YES;
				GCC_C_LANGUAGE_STANDARD = gnu11;
				GCC_DYNAMIC_NO_PIC = NO;
				GCC_NO_COMMON_BLOCKS = YES;
				GCC_OPTIMIZATION_LEVEL = 0;
				GCC_PREPROCESSOR_DEFINITIONS = (
					"DEBUG=1",
					"$(inherited)",
				);
				GCC_WARN_64_TO_32_BIT_CONVERSION = YES;
				GCC_WARN_ABOUT_RETURN_TYPE = YES_ERROR;
				GCC_WARN_UNDECLARED_SELECTOR = YES;
				GCC_WARN_UNINITIALIZED_AUTOS = YES_AGGRESSIVE;
				GCC_WARN_UNUSED_FUNCTION = YES;
				GCC_WARN_UNUSED_VARIABLE = YES;
				IPHONEOS_DEPLOYMENT_TARGET = 14.0;
				MTL_ENABLE_DEBUG_INFO = INCLUDE_SOURCE;
				MTL_FAST_MATH = YES;
				ONLY_ACTIVE_ARCH = YES;
				SDKROOT = iphoneos;
				SWIFT_ACTIVE_COMPILATION_CONDITIONS = DEBUG;
				SWIFT_OPTIMIZATION_LEVEL = "-Onone";
			};
			name = Debug;
		};
		77C1FDB727ADBBF20081AFE6 /* Release */ = {
			isa = XCBuildConfiguration;
			buildSettings = {
				ALWAYS_SEARCH_USER_PATHS = NO;
				CLANG_ANALYZER_NONNULL = YES;
				CLANG_ANALYZER_NUMBER_OBJECT_CONVERSION = YES_AGGRESSIVE;
				CLANG_CXX_LANGUAGE_STANDARD = "gnu++17";
				CLANG_CXX_LIBRARY = "libc++";
				CLANG_ENABLE_MODULES = YES;
				CLANG_ENABLE_OBJC_ARC = YES;
				CLANG_ENABLE_OBJC_WEAK = YES;
				CLANG_WARN_BLOCK_CAPTURE_AUTORELEASING = YES;
				CLANG_WARN_BOOL_CONVERSION = YES;
				CLANG_WARN_COMMA = YES;
				CLANG_WARN_CONSTANT_CONVERSION = YES;
				CLANG_WARN_DEPRECATED_OBJC_IMPLEMENTATIONS = YES;
				CLANG_WARN_DIRECT_OBJC_ISA_USAGE = YES_ERROR;
				CLANG_WARN_DOCUMENTATION_COMMENTS = YES;
				CLANG_WARN_EMPTY_BODY = YES;
				CLANG_WARN_ENUM_CONVERSION = YES;
				CLANG_WARN_INFINITE_RECURSION = YES;
				CLANG_WARN_INT_CONVERSION = YES;
				CLANG_WARN_NON_LITERAL_NULL_CONVERSION = YES;
				CLANG_WARN_OBJC_IMPLICIT_RETAIN_SELF = YES;
				CLANG_WARN_OBJC_LITERAL_CONVERSION = YES;
				CLANG_WARN_OBJC_ROOT_CLASS = YES_ERROR;
				CLANG_WARN_QUOTED_INCLUDE_IN_FRAMEWORK_HEADER = YES;
				CLANG_WARN_RANGE_LOOP_ANALYSIS = YES;
				CLANG_WARN_STRICT_PROTOTYPES = YES;
				CLANG_WARN_SUSPICIOUS_MOVE = YES;
				CLANG_WARN_UNGUARDED_AVAILABILITY = YES_AGGRESSIVE;
				CLANG_WARN_UNREACHABLE_CODE = YES;
				CLANG_WARN__DUPLICATE_METHOD_MATCH = YES;
				COPY_PHASE_STRIP = NO;
				DEBUG_INFORMATION_FORMAT = "dwarf-with-dsym";
				DEVELOPMENT_TEAM = ZA2T5F5XAA;
				ENABLE_NS_ASSERTIONS = NO;
				ENABLE_STRICT_OBJC_MSGSEND = YES;
				GCC_C_LANGUAGE_STANDARD = gnu11;
				GCC_NO_COMMON_BLOCKS = YES;
				GCC_WARN_64_TO_32_BIT_CONVERSION = YES;
				GCC_WARN_ABOUT_RETURN_TYPE = YES_ERROR;
				GCC_WARN_UNDECLARED_SELECTOR = YES;
				GCC_WARN_UNINITIALIZED_AUTOS = YES_AGGRESSIVE;
				GCC_WARN_UNUSED_FUNCTION = YES;
				GCC_WARN_UNUSED_VARIABLE = YES;
				IPHONEOS_DEPLOYMENT_TARGET = 14.0;
				MTL_ENABLE_DEBUG_INFO = NO;
				MTL_FAST_MATH = YES;
				SDKROOT = iphoneos;
				SWIFT_COMPILATION_MODE = wholemodule;
				SWIFT_OPTIMIZATION_LEVEL = "-O";
				VALIDATE_PRODUCT = YES;
			};
			name = Release;
		};
		77C1FDB927ADBBF20081AFE6 /* Debug */ = {
			isa = XCBuildConfiguration;
			buildSettings = {
				ALWAYS_EMBED_SWIFT_STANDARD_LIBRARIES = YES;
				ASSETCATALOG_COMPILER_ALTERNATE_APPICON_NAMES = "Periwinkle Eyebite Subdued Royalty Turquoise Melons Midnight Cotton_Candy Neumorphic Pastel";
				ASSETCATALOG_COMPILER_APPICON_NAME = AppIcon;
				ASSETCATALOG_COMPILER_GLOBAL_ACCENT_COLOR_NAME = AccentColor;
				ASSETCATALOG_COMPILER_INCLUDE_ALL_APPICON_ASSETS = NO;
				CODE_SIGN_STYLE = Automatic;
				CURRENT_PROJECT_VERSION = 57;
				DEVELOPMENT_ASSET_PATHS = "";
				DEVELOPMENT_TEAM = ZA2T5F5XAA;
				EMBED_ASSET_PACKS_IN_PRODUCT_BUNDLE = YES;
				ENABLE_PREVIEWS = YES;
				GENERATE_INFOPLIST_FILE = YES;
				INFOPLIST_FILE = PaymentTracker/Info.plist;
				INFOPLIST_KEY_CFBundleDisplayName = "Payment Tracker";
				INFOPLIST_KEY_UIApplicationSceneManifest_Generation = YES;
				INFOPLIST_KEY_UIApplicationSupportsIndirectInputEvents = YES;
				INFOPLIST_KEY_UILaunchScreen_Generation = YES;
				INFOPLIST_KEY_UISupportedInterfaceOrientations = UIInterfaceOrientationPortrait;
				INFOPLIST_KEY_UISupportedInterfaceOrientations_iPad = "UIInterfaceOrientationPortrait UIInterfaceOrientationPortraitUpsideDown UIInterfaceOrientationLandscapeLeft UIInterfaceOrientationLandscapeRight";
				INFOPLIST_KEY_UISupportedInterfaceOrientations_iPhone = "UIInterfaceOrientationPortrait UIInterfaceOrientationLandscapeLeft UIInterfaceOrientationLandscapeRight";
				IPHONEOS_DEPLOYMENT_TARGET = 14.0;
				LD_RUNPATH_SEARCH_PATHS = (
					"$(inherited)",
					"@executable_path/Frameworks",
				);
				MARKETING_VERSION = 1.3.1;
				PRODUCT_BUNDLE_IDENTIFIER = org.greavette.PaymentTracker;
				PRODUCT_NAME = "$(TARGET_NAME)";
				SWIFT_EMIT_LOC_STRINGS = YES;
				SWIFT_VERSION = 5.0;
				TARGETED_DEVICE_FAMILY = 1;
			};
			name = Debug;
		};
		77C1FDBA27ADBBF20081AFE6 /* Release */ = {
			isa = XCBuildConfiguration;
			buildSettings = {
				ALWAYS_EMBED_SWIFT_STANDARD_LIBRARIES = YES;
				ASSETCATALOG_COMPILER_ALTERNATE_APPICON_NAMES = "Periwinkle Eyebite Subdued Royalty Turquoise Melons Midnight Cotton_Candy Neumorphic Pastel";
				ASSETCATALOG_COMPILER_APPICON_NAME = AppIcon;
				ASSETCATALOG_COMPILER_GLOBAL_ACCENT_COLOR_NAME = AccentColor;
				ASSETCATALOG_COMPILER_INCLUDE_ALL_APPICON_ASSETS = NO;
				CODE_SIGN_STYLE = Automatic;
				CURRENT_PROJECT_VERSION = 57;
				DEVELOPMENT_ASSET_PATHS = "";
				DEVELOPMENT_TEAM = ZA2T5F5XAA;
				EMBED_ASSET_PACKS_IN_PRODUCT_BUNDLE = YES;
				ENABLE_PREVIEWS = YES;
				GENERATE_INFOPLIST_FILE = YES;
				INFOPLIST_FILE = PaymentTracker/Info.plist;
				INFOPLIST_KEY_CFBundleDisplayName = "Payment Tracker";
				INFOPLIST_KEY_UIApplicationSceneManifest_Generation = YES;
				INFOPLIST_KEY_UIApplicationSupportsIndirectInputEvents = YES;
				INFOPLIST_KEY_UILaunchScreen_Generation = YES;
				INFOPLIST_KEY_UISupportedInterfaceOrientations = UIInterfaceOrientationPortrait;
				INFOPLIST_KEY_UISupportedInterfaceOrientations_iPad = "UIInterfaceOrientationPortrait UIInterfaceOrientationPortraitUpsideDown UIInterfaceOrientationLandscapeLeft UIInterfaceOrientationLandscapeRight";
				INFOPLIST_KEY_UISupportedInterfaceOrientations_iPhone = "UIInterfaceOrientationPortrait UIInterfaceOrientationLandscapeLeft UIInterfaceOrientationLandscapeRight";
				IPHONEOS_DEPLOYMENT_TARGET = 14.0;
				LD_RUNPATH_SEARCH_PATHS = (
					"$(inherited)",
					"@executable_path/Frameworks",
				);
				MARKETING_VERSION = 1.3.1;
				PRODUCT_BUNDLE_IDENTIFIER = org.greavette.PaymentTracker;
				PRODUCT_NAME = "$(TARGET_NAME)";
				SWIFT_EMIT_LOC_STRINGS = YES;
				SWIFT_VERSION = 5.0;
				TARGETED_DEVICE_FAMILY = 1;
			};
			name = Release;
		};
/* End XCBuildConfiguration section */

/* Begin XCConfigurationList section */
		77C1FDA527ADBBF00081AFE6 /* Build configuration list for PBXProject "PaymentTracker" */ = {
			isa = XCConfigurationList;
			buildConfigurations = (
				77C1FDB627ADBBF20081AFE6 /* Debug */,
				77C1FDB727ADBBF20081AFE6 /* Release */,
			);
			defaultConfigurationIsVisible = 0;
			defaultConfigurationName = Release;
		};
		77C1FDB827ADBBF20081AFE6 /* Build configuration list for PBXNativeTarget "PaymentTracker" */ = {
			isa = XCConfigurationList;
			buildConfigurations = (
				77C1FDB927ADBBF20081AFE6 /* Debug */,
				77C1FDBA27ADBBF20081AFE6 /* Release */,
			);
			defaultConfigurationIsVisible = 0;
			defaultConfigurationName = Release;
		};
/* End XCConfigurationList section */
	};
	rootObject = 77C1FDA227ADBBF00081AFE6 /* Project object */;
}
